
Microsoft Visual Studio Solution File, Format Version 12.00
# Visual Studio Version 17
VisualStudioVersion = 17.0.32112.339
MinimumVisualStudioVersion = 10.0.40219.1
Project("{8BC9CEB8-8B4A-11D0-8D11-00A0C91BC942}") = "scanf", "scanf\scanf.vcxproj", "{0F740892-9263-402B-AD35-14C15068C4A2}"
EndProject
Project("{8BC9CEB8-8B4A-11D0-8D11-00A0C91BC942}") = "float", "float\float.vcxproj", "{7EE4AEF3-F8CD-4FEE-B619-9327621BC3ED}"
EndProject
Project("{8BC9CEB8-8B4A-11D0-8D11-00A0C91BC942}") = "character", "character\character.vcxproj", "{6D2C4A38-5447-4075-AF35-A816006B15B9}"
EndProject
Project("{8BC9CEB8-8B4A-11D0-8D11-00A0C91BC942}") = "算术运算符", "算术运算符\算术运算符.vcxproj", "{FD27F7F6-A3D8-44E8-B5F7-558F55962C22}"
EndProject
Project("{8BC9CEB8-8B4A-11D0-8D11-00A0C91BC942}") = "逻辑运算符", "逻辑运算符\逻辑运算符.vcxproj", "{49CA4ECE-8DA9-477A-849F-75C2CA3F9A01}"
EndProject
Project("{8BC9CEB8-8B4A-11D0-8D11-00A0C91BC942}") = "其他运算符", "其他运算符\其他运算符.vcxproj", "{E8DE30A4-0A9F-4CA6-A570-6EF6BA0005FC}"
EndProject
Project("{8BC9CEB8-8B4A-11D0-8D11-00A0C91BC942}") = "对称数", "对称数\对称数.vcxproj", "{ACB68FAA-EB94-4A04-9E4A-9A0D9719ADCC}"
EndProject
Project("{8BC9CEB8-8B4A-11D0-8D11-00A0C91BC942}") = "阶乘", "阶乘\阶乘.vcxproj", "{FFB4BD27-C531-4498-8CE8-1BE1C97178F8}"
EndProject
Project("{8BC9CEB8-8B4A-11D0-8D11-00A0C91BC942}") = "array", "array\array.vcxproj", "{45CDD379-7640-4F78-A9BC-83AF7FF806F4}"
EndProject
Project("{8BC9CEB8-8B4A-11D0-8D11-00A0C91BC942}") = "换票", "换票\换票.vcxproj", "{50E5C3A4-01BA-45F3-B841-0D170D34C2E2}"
EndProject
Project("{8BC9CEB8-8B4A-11D0-8D11-00A0C91BC942}") = "arrary_of_char", "arrary_of_char\arrary_of_char.vcxproj", "{08BEEF20-6B27-482F-B6A0-871CBBA0DBC7}"
EndProject
Project("{8BC9CEB8-8B4A-11D0-8D11-00A0C91BC942}") = "gets", "gets\gets.vcxproj", "{09FFA32A-F81E-41AC-A281-B9E140AB56D7}"
EndProject
Project("{8BC9CEB8-8B4A-11D0-8D11-00A0C91BC942}") = "str", "str\str.vcxproj", "{31F04E5B-258D-4E77-8725-1968823AEC58}"
EndProject
Project("{8BC9CEB8-8B4A-11D0-8D11-00A0C91BC942}") = "pointer", "pointer\pointer.vcxproj", "{002AF259-0529-4EF0-8FEF-22E3AA867E9C}"
EndProject
Project("{8BC9CEB8-8B4A-11D0-8D11-00A0C91BC942}") = "指针的自增自减", "指针的自增自减\指针的自增自减.vcxproj", "{E4C497DF-0ECD-40D9-B508-AF8FB2F88AD9}"
EndProject
Project("{8BC9CEB8-8B4A-11D0-8D11-00A0C91BC942}") = "动态内存申请", "动态内存申请\动态内存申请.vcxproj", "{2F772C0F-DD9F-4D05-A39C-233FE8BF6891}"
EndProject
Project("{8BC9CEB8-8B4A-11D0-8D11-00A0C91BC942}") = "Stack", "Stack\Stack.vcxproj", "{C4E00B8D-18FD-43B7-ADDD-6FE32F6AD213}"
EndProject
Project("{8BC9CEB8-8B4A-11D0-8D11-00A0C91BC942}") = "输出字符串", "输出字符串\输出字符串.vcxproj", "{50996F09-3FF2-40D5-917D-6C426BEDDAA5}"
EndProject
Project("{8BC9CEB8-8B4A-11D0-8D11-00A0C91BC942}") = "字符串常量", "字符串常量\字符串常量.vcxproj", "{A6F2FCFD-AE49-4594-B0C1-BB78E45F5143}"
EndProject
Project("{8BC9CEB8-8B4A-11D0-8D11-00A0C91BC942}") = "递归", "递归\递归.vcxproj", "{7ADE0C54-D749-4792-80E8-3221F6DE6FDD}"
EndProject
Project("{8BC9CEB8-8B4A-11D0-8D11-00A0C91BC942}") = "struct", "struct\struct.vcxproj", "{0073445C-DBE1-4F0E-A902-8A14B9DC8009}"
EndProject
Project("{8BC9CEB8-8B4A-11D0-8D11-00A0C91BC942}") = "指针与++", "指针与++\指针与++.vcxproj", "{5F465A14-6A59-45D5-8D8D-9FC0FF3140A9}"
EndProject
Project("{8BC9CEB8-8B4A-11D0-8D11-00A0C91BC942}") = "typedef", "typedef\typedef.vcxproj", "{467BA03B-688C-4E37-8AF4-732227BE12B9}"
EndProject
Project("{8BC9CEB8-8B4A-11D0-8D11-00A0C91BC942}") = "引用", "引用\引用.vcxproj", "{902061B8-1E05-44F7-942D-B7008CE6E328}"
EndProject
Global
	GlobalSection(SolutionConfigurationPlatforms) = preSolution
		Debug|x64 = Debug|x64
		Debug|x86 = Debug|x86
		Release|x64 = Release|x64
		Release|x86 = Release|x86
	EndGlobalSection
	GlobalSection(ProjectConfigurationPlatforms) = postSolution
		{0F740892-9263-402B-AD35-14C15068C4A2}.Debug|x64.ActiveCfg = Debug|x64
		{0F740892-9263-402B-AD35-14C15068C4A2}.Debug|x64.Build.0 = Debug|x64
		{0F740892-9263-402B-AD35-14C15068C4A2}.Debug|x86.ActiveCfg = Debug|Win32
		{0F740892-9263-402B-AD35-14C15068C4A2}.Debug|x86.Build.0 = Debug|Win32
		{0F740892-9263-402B-AD35-14C15068C4A2}.Release|x64.ActiveCfg = Release|x64
		{0F740892-9263-402B-AD35-14C15068C4A2}.Release|x64.Build.0 = Release|x64
		{0F740892-9263-402B-AD35-14C15068C4A2}.Release|x86.ActiveCfg = Release|Win32
		{0F740892-9263-402B-AD35-14C15068C4A2}.Release|x86.Build.0 = Release|Win32
		{7EE4AEF3-F8CD-4FEE-B619-9327621BC3ED}.Debug|x64.ActiveCfg = Debug|x64
		{7EE4AEF3-F8CD-4FEE-B619-9327621BC3ED}.Debug|x64.Build.0 = Debug|x64
		{7EE4AEF3-F8CD-4FEE-B619-9327621BC3ED}.Debug|x86.ActiveCfg = Debug|Win32
		{7EE4AEF3-F8CD-4FEE-B619-9327621BC3ED}.Debug|x86.Build.0 = Debug|Win32
		{7EE4AEF3-F8CD-4FEE-B619-9327621BC3ED}.Release|x64.ActiveCfg = Release|x64
		{7EE4AEF3-F8CD-4FEE-B619-9327621BC3ED}.Release|x64.Build.0 = Release|x64
		{7EE4AEF3-F8CD-4FEE-B619-9327621BC3ED}.Release|x86.ActiveCfg = Release|Win32
		{7EE4AEF3-F8CD-4FEE-B619-9327621BC3ED}.Release|x86.Build.0 = Release|Win32
		{6D2C4A38-5447-4075-AF35-A816006B15B9}.Debug|x64.ActiveCfg = Debug|x64
		{6D2C4A38-5447-4075-AF35-A816006B15B9}.Debug|x64.Build.0 = Debug|x64
		{6D2C4A38-5447-4075-AF35-A816006B15B9}.Debug|x86.ActiveCfg = Debug|Win32
		{6D2C4A38-5447-4075-AF35-A816006B15B9}.Debug|x86.Build.0 = Debug|Win32
		{6D2C4A38-5447-4075-AF35-A816006B15B9}.Release|x64.ActiveCfg = Release|x64
		{6D2C4A38-5447-4075-AF35-A816006B15B9}.Release|x64.Build.0 = Release|x64
		{6D2C4A38-5447-4075-AF35-A816006B15B9}.Release|x86.ActiveCfg = Release|Win32
		{6D2C4A38-5447-4075-AF35-A816006B15B9}.Release|x86.Build.0 = Release|Win32
		{FD27F7F6-A3D8-44E8-B5F7-558F55962C22}.Debug|x64.ActiveCfg = Debug|x64
		{FD27F7F6-A3D8-44E8-B5F7-558F55962C22}.Debug|x64.Build.0 = Debug|x64
		{FD27F7F6-A3D8-44E8-B5F7-558F55962C22}.Debug|x86.ActiveCfg = Debug|Win32
		{FD27F7F6-A3D8-44E8-B5F7-558F55962C22}.Debug|x86.Build.0 = Debug|Win32
		{FD27F7F6-A3D8-44E8-B5F7-558F55962C22}.Release|x64.ActiveCfg = Release|x64
		{FD27F7F6-A3D8-44E8-B5F7-558F55962C22}.Release|x64.Build.0 = Release|x64
		{FD27F7F6-A3D8-44E8-B5F7-558F55962C22}.Release|x86.ActiveCfg = Release|Win32
		{FD27F7F6-A3D8-44E8-B5F7-558F55962C22}.Release|x86.Build.0 = Release|Win32
		{49CA4ECE-8DA9-477A-849F-75C2CA3F9A01}.Debug|x64.ActiveCfg = Debug|x64
		{49CA4ECE-8DA9-477A-849F-75C2CA3F9A01}.Debug|x64.Build.0 = Debug|x64
		{49CA4ECE-8DA9-477A-849F-75C2CA3F9A01}.Debug|x86.ActiveCfg = Debug|Win32
		{49CA4ECE-8DA9-477A-849F-75C2CA3F9A01}.Debug|x86.Build.0 = Debug|Win32
		{49CA4ECE-8DA9-477A-849F-75C2CA3F9A01}.Release|x64.ActiveCfg = Release|x64
		{49CA4ECE-8DA9-477A-849F-75C2CA3F9A01}.Release|x64.Build.0 = Release|x64
		{49CA4ECE-8DA9-477A-849F-75C2CA3F9A01}.Release|x86.ActiveCfg = Release|Win32
		{49CA4ECE-8DA9-477A-849F-75C2CA3F9A01}.Release|x86.Build.0 = Release|Win32
		{E8DE30A4-0A9F-4CA6-A570-6EF6BA0005FC}.Debug|x64.ActiveCfg = Debug|x64
		{E8DE30A4-0A9F-4CA6-A570-6EF6BA0005FC}.Debug|x64.Build.0 = Debug|x64
		{E8DE30A4-0A9F-4CA6-A570-6EF6BA0005FC}.Debug|x86.ActiveCfg = Debug|Win32
		{E8DE30A4-0A9F-4CA6-A570-6EF6BA0005FC}.Debug|x86.Build.0 = Debug|Win32
		{E8DE30A4-0A9F-4CA6-A570-6EF6BA0005FC}.Release|x64.ActiveCfg = Release|x64
		{E8DE30A4-0A9F-4CA6-A570-6EF6BA0005FC}.Release|x64.Build.0 = Release|x64
		{E8DE30A4-0A9F-4CA6-A570-6EF6BA0005FC}.Release|x86.ActiveCfg = Release|Win32
		{E8DE30A4-0A9F-4CA6-A570-6EF6BA0005FC}.Release|x86.Build.0 = Release|Win32
		{ACB68FAA-EB94-4A04-9E4A-9A0D9719ADCC}.Debug|x64.ActiveCfg = Debug|x64
		{ACB68FAA-EB94-4A04-9E4A-9A0D9719ADCC}.Debug|x64.Build.0 = Debug|x64
		{ACB68FAA-EB94-4A04-9E4A-9A0D9719ADCC}.Debug|x86.ActiveCfg = Debug|Win32
		{ACB68FAA-EB94-4A04-9E4A-9A0D9719ADCC}.Debug|x86.Build.0 = Debug|Win32
		{ACB68FAA-EB94-4A04-9E4A-9A0D9719ADCC}.Release|x64.ActiveCfg = Release|x64
		{ACB68FAA-EB94-4A04-9E4A-9A0D9719ADCC}.Release|x64.Build.0 = Release|x64
		{ACB68FAA-EB94-4A04-9E4A-9A0D9719ADCC}.Release|x86.ActiveCfg = Release|Win32
		{ACB68FAA-EB94-4A04-9E4A-9A0D9719ADCC}.Release|x86.Build.0 = Release|Win32
		{FFB4BD27-C531-4498-8CE8-1BE1C97178F8}.Debug|x64.ActiveCfg = Debug|x64
		{FFB4BD27-C531-4498-8CE8-1BE1C97178F8}.Debug|x64.Build.0 = Debug|x64
		{FFB4BD27-C531-4498-8CE8-1BE1C97178F8}.Debug|x86.ActiveCfg = Debug|Win32
		{FFB4BD27-C531-4498-8CE8-1BE1C97178F8}.Debug|x86.Build.0 = Debug|Win32
		{FFB4BD27-C531-4498-8CE8-1BE1C97178F8}.Release|x64.ActiveCfg = Release|x64
		{FFB4BD27-C531-4498-8CE8-1BE1C97178F8}.Release|x64.Build.0 = Release|x64
		{FFB4BD27-C531-4498-8CE8-1BE1C97178F8}.Release|x86.ActiveCfg = Release|Win32
		{FFB4BD27-C531-4498-8CE8-1BE1C97178F8}.Release|x86.Build.0 = Release|Win32
		{45CDD379-7640-4F78-A9BC-83AF7FF806F4}.Debug|x64.ActiveCfg = Debug|x64
		{45CDD379-7640-4F78-A9BC-83AF7FF806F4}.Debug|x64.Build.0 = Debug|x64
		{45CDD379-7640-4F78-A9BC-83AF7FF806F4}.Debug|x86.ActiveCfg = Debug|Win32
		{45CDD379-7640-4F78-A9BC-83AF7FF806F4}.Debug|x86.Build.0 = Debug|Win32
		{45CDD379-7640-4F78-A9BC-83AF7FF806F4}.Release|x64.ActiveCfg = Release|x64
		{45CDD379-7640-4F78-A9BC-83AF7FF806F4}.Release|x64.Build.0 = Release|x64
		{45CDD379-7640-4F78-A9BC-83AF7FF806F4}.Release|x86.ActiveCfg = Release|Win32
		{45CDD379-7640-4F78-A9BC-83AF7FF806F4}.Release|x86.Build.0 = Release|Win32
		{50E5C3A4-01BA-45F3-B841-0D170D34C2E2}.Debug|x64.ActiveCfg = Debug|x64
		{50E5C3A4-01BA-45F3-B841-0D170D34C2E2}.Debug|x64.Build.0 = Debug|x64
		{50E5C3A4-01BA-45F3-B841-0D170D34C2E2}.Debug|x86.ActiveCfg = Debug|Win32
		{50E5C3A4-01BA-45F3-B841-0D170D34C2E2}.Debug|x86.Build.0 = Debug|Win32
		{50E5C3A4-01BA-45F3-B841-0D170D34C2E2}.Release|x64.ActiveCfg = Release|x64
		{50E5C3A4-01BA-45F3-B841-0D170D34C2E2}.Release|x64.Build.0 = Release|x64
		{50E5C3A4-01BA-45F3-B841-0D170D34C2E2}.Release|x86.ActiveCfg = Release|Win32
		{50E5C3A4-01BA-45F3-B841-0D170D34C2E2}.Release|x86.Build.0 = Release|Win32
		{08BEEF20-6B27-482F-B6A0-871CBBA0DBC7}.Debug|x64.ActiveCfg = Debug|x64
		{08BEEF20-6B27-482F-B6A0-871CBBA0DBC7}.Debug|x64.Build.0 = Debug|x64
		{08BEEF20-6B27-482F-B6A0-871CBBA0DBC7}.Debug|x86.ActiveCfg = Debug|Win32
		{08BEEF20-6B27-482F-B6A0-871CBBA0DBC7}.Debug|x86.Build.0 = Debug|Win32
		{08BEEF20-6B27-482F-B6A0-871CBBA0DBC7}.Release|x64.ActiveCfg = Release|x64
		{08BEEF20-6B27-482F-B6A0-871CBBA0DBC7}.Release|x64.Build.0 = Release|x64
		{08BEEF20-6B27-482F-B6A0-871CBBA0DBC7}.Release|x86.ActiveCfg = Release|Win32
		{08BEEF20-6B27-482F-B6A0-871CBBA0DBC7}.Release|x86.Build.0 = Release|Win32
		{09FFA32A-F81E-41AC-A281-B9E140AB56D7}.Debug|x64.ActiveCfg = Debug|x64
		{09FFA32A-F81E-41AC-A281-B9E140AB56D7}.Debug|x64.Build.0 = Debug|x64
		{09FFA32A-F81E-41AC-A281-B9E140AB56D7}.Debug|x86.ActiveCfg = Debug|Win32
		{09FFA32A-F81E-41AC-A281-B9E140AB56D7}.Debug|x86.Build.0 = Debug|Win32
		{09FFA32A-F81E-41AC-A281-B9E140AB56D7}.Release|x64.ActiveCfg = Release|x64
		{09FFA32A-F81E-41AC-A281-B9E140AB56D7}.Release|x64.Build.0 = Release|x64
		{09FFA32A-F81E-41AC-A281-B9E140AB56D7}.Release|x86.ActiveCfg = Release|Win32
		{09FFA32A-F81E-41AC-A281-B9E140AB56D7}.Release|x86.Build.0 = Release|Win32
		{31F04E5B-258D-4E77-8725-1968823AEC58}.Debug|x64.ActiveCfg = Debug|x64
		{31F04E5B-258D-4E77-8725-1968823AEC58}.Debug|x64.Build.0 = Debug|x64
		{31F04E5B-258D-4E77-8725-1968823AEC58}.Debug|x86.ActiveCfg = Debug|Win32
		{31F04E5B-258D-4E77-8725-1968823AEC58}.Debug|x86.Build.0 = Debug|Win32
		{31F04E5B-258D-4E77-8725-1968823AEC58}.Release|x64.ActiveCfg = Release|x64
		{31F04E5B-258D-4E77-8725-1968823AEC58}.Release|x64.Build.0 = Release|x64
		{31F04E5B-258D-4E77-8725-1968823AEC58}.Release|x86.ActiveCfg = Release|Win32
		{31F04E5B-258D-4E77-8725-1968823AEC58}.Release|x86.Build.0 = Release|Win32
		{002AF259-0529-4EF0-8FEF-22E3AA867E9C}.Debug|x64.ActiveCfg = Debug|x64
		{002AF259-0529-4EF0-8FEF-22E3AA867E9C}.Debug|x64.Build.0 = Debug|x64
		{002AF259-0529-4EF0-8FEF-22E3AA867E9C}.Debug|x86.ActiveCfg = Debug|Win32
		{002AF259-0529-4EF0-8FEF-22E3AA867E9C}.Debug|x86.Build.0 = Debug|Win32
		{002AF259-0529-4EF0-8FEF-22E3AA867E9C}.Release|x64.ActiveCfg = Release|x64
		{002AF259-0529-4EF0-8FEF-22E3AA867E9C}.Release|x64.Build.0 = Release|x64
		{002AF259-0529-4EF0-8FEF-22E3AA867E9C}.Release|x86.ActiveCfg = Release|Win32
		{002AF259-0529-4EF0-8FEF-22E3AA867E9C}.Release|x86.Build.0 = Release|Win32
		{E4C497DF-0ECD-40D9-B508-AF8FB2F88AD9}.Debug|x64.ActiveCfg = Debug|x64
		{E4C497DF-0ECD-40D9-B508-AF8FB2F88AD9}.Debug|x64.Build.0 = Debug|x64
		{E4C497DF-0ECD-40D9-B508-AF8FB2F88AD9}.Debug|x86.ActiveCfg = Debug|Win32
		{E4C497DF-0ECD-40D9-B508-AF8FB2F88AD9}.Debug|x86.Build.0 = Debug|Win32
		{E4C497DF-0ECD-40D9-B508-AF8FB2F88AD9}.Release|x64.ActiveCfg = Release|x64
		{E4C497DF-0ECD-40D9-B508-AF8FB2F88AD9}.Release|x64.Build.0 = Release|x64
		{E4C497DF-0ECD-40D9-B508-AF8FB2F88AD9}.Release|x86.ActiveCfg = Release|Win32
		{E4C497DF-0ECD-40D9-B508-AF8FB2F88AD9}.Release|x86.Build.0 = Release|Win32
		{2F772C0F-DD9F-4D05-A39C-233FE8BF6891}.Debug|x64.ActiveCfg = Debug|x64
		{2F772C0F-DD9F-4D05-A39C-233FE8BF6891}.Debug|x64.Build.0 = Debug|x64
		{2F772C0F-DD9F-4D05-A39C-233FE8BF6891}.Debug|x86.ActiveCfg = Debug|Win32
		{2F772C0F-DD9F-4D05-A39C-233FE8BF6891}.Debug|x86.Build.0 = Debug|Win32
		{2F772C0F-DD9F-4D05-A39C-233FE8BF6891}.Release|x64.ActiveCfg = Release|x64
		{2F772C0F-DD9F-4D05-A39C-233FE8BF6891}.Release|x64.Build.0 = Release|x64
		{2F772C0F-DD9F-4D05-A39C-233FE8BF6891}.Release|x86.ActiveCfg = Release|Win32
		{2F772C0F-DD9F-4D05-A39C-233FE8BF6891}.Release|x86.Build.0 = Release|Win32
		{C4E00B8D-18FD-43B7-ADDD-6FE32F6AD213}.Debug|x64.ActiveCfg = Debug|x64
		{C4E00B8D-18FD-43B7-ADDD-6FE32F6AD213}.Debug|x64.Build.0 = Debug|x64
		{C4E00B8D-18FD-43B7-ADDD-6FE32F6AD213}.Debug|x86.ActiveCfg = Debug|Win32
		{C4E00B8D-18FD-43B7-ADDD-6FE32F6AD213}.Debug|x86.Build.0 = Debug|Win32
		{C4E00B8D-18FD-43B7-ADDD-6FE32F6AD213}.Release|x64.ActiveCfg = Release|x64
		{C4E00B8D-18FD-43B7-ADDD-6FE32F6AD213}.Release|x64.Build.0 = Release|x64
		{C4E00B8D-18FD-43B7-ADDD-6FE32F6AD213}.Release|x86.ActiveCfg = Release|Win32
		{C4E00B8D-18FD-43B7-ADDD-6FE32F6AD213}.Release|x86.Build.0 = Release|Win32
		{50996F09-3FF2-40D5-917D-6C426BEDDAA5}.Debug|x64.ActiveCfg = Debug|x64
		{50996F09-3FF2-40D5-917D-6C426BEDDAA5}.Debug|x64.Build.0 = Debug|x64
		{50996F09-3FF2-40D5-917D-6C426BEDDAA5}.Debug|x86.ActiveCfg = Debug|Win32
		{50996F09-3FF2-40D5-917D-6C426BEDDAA5}.Debug|x86.Build.0 = Debug|Win32
		{50996F09-3FF2-40D5-917D-6C426BEDDAA5}.Release|x64.ActiveCfg = Release|x64
		{50996F09-3FF2-40D5-917D-6C426BEDDAA5}.Release|x64.Build.0 = Release|x64
		{50996F09-3FF2-40D5-917D-6C426BEDDAA5}.Release|x86.ActiveCfg = Release|Win32
		{50996F09-3FF2-40D5-917D-6C426BEDDAA5}.Release|x86.Build.0 = Release|Win32
		{A6F2FCFD-AE49-4594-B0C1-BB78E45F5143}.Debug|x64.ActiveCfg = Debug|x64
		{A6F2FCFD-AE49-4594-B0C1-BB78E45F5143}.Debug|x64.Build.0 = Debug|x64
		{A6F2FCFD-AE49-4594-B0C1-BB78E45F5143}.Debug|x86.ActiveCfg = Debug|Win32
		{A6F2FCFD-AE49-4594-B0C1-BB78E45F5143}.Debug|x86.Build.0 = Debug|Win32
		{A6F2FCFD-AE49-4594-B0C1-BB78E45F5143}.Release|x64.ActiveCfg = Release|x64
		{A6F2FCFD-AE49-4594-B0C1-BB78E45F5143}.Release|x64.Build.0 = Release|x64
		{A6F2FCFD-AE49-4594-B0C1-BB78E45F5143}.Release|x86.ActiveCfg = Release|Win32
		{A6F2FCFD-AE49-4594-B0C1-BB78E45F5143}.Release|x86.Build.0 = Release|Win32
		{7ADE0C54-D749-4792-80E8-3221F6DE6FDD}.Debug|x64.ActiveCfg = Debug|x64
		{7ADE0C54-D749-4792-80E8-3221F6DE6FDD}.Debug|x64.Build.0 = Debug|x64
		{7ADE0C54-D749-4792-80E8-3221F6DE6FDD}.Debug|x86.ActiveCfg = Debug|Win32
		{7ADE0C54-D749-4792-80E8-3221F6DE6FDD}.Debug|x86.Build.0 = Debug|Win32
		{7ADE0C54-D749-4792-80E8-3221F6DE6FDD}.Release|x64.ActiveCfg = Release|x64
		{7ADE0C54-D749-4792-80E8-3221F6DE6FDD}.Release|x64.Build.0 = Release|x64
		{7ADE0C54-D749-4792-80E8-3221F6DE6FDD}.Release|x86.ActiveCfg = Release|Win32
		{7ADE0C54-D749-4792-80E8-3221F6DE6FDD}.Release|x86.Build.0 = Release|Win32
		{0073445C-DBE1-4F0E-A902-8A14B9DC8009}.Debug|x64.ActiveCfg = Debug|x64
		{0073445C-DBE1-4F0E-A902-8A14B9DC8009}.Debug|x64.Build.0 = Debug|x64
		{0073445C-DBE1-4F0E-A902-8A14B9DC8009}.Debug|x86.ActiveCfg = Debug|Win32
		{0073445C-DBE1-4F0E-A902-8A14B9DC8009}.Debug|x86.Build.0 = Debug|Win32
		{0073445C-DBE1-4F0E-A902-8A14B9DC8009}.Release|x64.ActiveCfg = Release|x64
		{0073445C-DBE1-4F0E-A902-8A14B9DC8009}.Release|x64.Build.0 = Release|x64
		{0073445C-DBE1-4F0E-A902-8A14B9DC8009}.Release|x86.ActiveCfg = Release|Win32
		{0073445C-DBE1-4F0E-A902-8A14B9DC8009}.Release|x86.Build.0 = Release|Win32
		{5F465A14-6A59-45D5-8D8D-9FC0FF3140A9}.Debug|x64.ActiveCfg = Debug|x64
		{5F465A14-6A59-45D5-8D8D-9FC0FF3140A9}.Debug|x64.Build.0 = Debug|x64
		{5F465A14-6A59-45D5-8D8D-9FC0FF3140A9}.Debug|x86.ActiveCfg = Debug|Win32
		{5F465A14-6A59-45D5-8D8D-9FC0FF3140A9}.Debug|x86.Build.0 = Debug|Win32
		{5F465A14-6A59-45D5-8D8D-9FC0FF3140A9}.Release|x64.ActiveCfg = Release|x64
		{5F465A14-6A59-45D5-8D8D-9FC0FF3140A9}.Release|x64.Build.0 = Release|x64
		{5F465A14-6A59-45D5-8D8D-9FC0FF3140A9}.Release|x86.ActiveCfg = Release|Win32
		{5F465A14-6A59-45D5-8D8D-9FC0FF3140A9}.Release|x86.Build.0 = Release|Win32
		{467BA03B-688C-4E37-8AF4-732227BE12B9}.Debug|x64.ActiveCfg = Debug|x64
		{467BA03B-688C-4E37-8AF4-732227BE12B9}.Debug|x64.Build.0 = Debug|x64
		{467BA03B-688C-4E37-8AF4-732227BE12B9}.Debug|x86.ActiveCfg = Debug|Win32
		{467BA03B-688C-4E37-8AF4-732227BE12B9}.Debug|x86.Build.0 = Debug|Win32
		{467BA03B-688C-4E37-8AF4-732227BE12B9}.Release|x64.ActiveCfg = Release|x64
		{467BA03B-688C-4E37-8AF4-732227BE12B9}.Release|x64.Build.0 = Release|x64
		{467BA03B-688C-4E37-8AF4-732227BE12B9}.Release|x86.ActiveCfg = Release|Win32
		{467BA03B-688C-4E37-8AF4-732227BE12B9}.Release|x86.Build.0 = Release|Win32
		{902061B8-1E05-44F7-942D-B7008CE6E328}.Debug|x64.ActiveCfg = Debug|x64
		{902061B8-1E05-44F7-942D-B7008CE6E328}.Debug|x64.Build.0 = Debug|x64
		{902061B8-1E05-44F7-942D-B7008CE6E328}.Debug|x86.ActiveCfg = Debug|Win32
		{902061B8-1E05-44F7-942D-B7008CE6E328}.Debug|x86.Build.0 = Debug|Win32
		{902061B8-1E05-44F7-942D-B7008CE6E328}.Release|x64.ActiveCfg = Release|x64
		{902061B8-1E05-44F7-942D-B7008CE6E328}.Release|x64.Build.0 = Release|x64
		{902061B8-1E05-44F7-942D-B7008CE6E328}.Release|x86.ActiveCfg = Release|Win32
		{902061B8-1E05-44F7-942D-B7008CE6E328}.Release|x86.Build.0 = Release|Win32
	EndGlobalSection
	GlobalSection(SolutionProperties) = preSolution
		HideSolutionNode = FALSE
	EndGlobalSection
	GlobalSection(ExtensibilityGlobals) = postSolution
		SolutionGuid = {9ED10C1B-A3EF-4A63-A08C-68D827C0A61A}
	EndGlobalSection
EndGlobal
